
Microsoft Visual Studio Solution File, Format Version 12.00
#
Project("{FAE04EC0-301F-11D3-BF4B-00C04F79EFBC}") = "TrackiCore", "TrackiCore\TrackiCore.csproj", "{459C217B-CCF1-4088-9694-59AB0A20A711}"
EndProject
Project("{FAE04EC0-301F-11D3-BF4B-00C04F79EFBC}") = "TrackiCore.Test", "TrackiCore.Test\TrackiCore.Test.csproj", "{3AE8CF2A-702A-4F2B-9280-9A968AB1A8DF}"
EndProject
Global
	GlobalSection(SolutionConfigurationPlatforms) = preSolution
		Debug|Any CPU = Debug|Any CPU
		Release|Any CPU = Release|Any CPU
	EndGlobalSection
	GlobalSection(ProjectConfigurationPlatforms) = postSolution
		{459C217B-CCF1-4088-9694-59AB0A20A711}.Debug|Any CPU.ActiveCfg = Debug|Any CPU
		{459C217B-CCF1-4088-9694-59AB0A20A711}.Debug|Any CPU.Build.0 = Debug|Any CPU
		{459C217B-CCF1-4088-9694-59AB0A20A711}.Release|Any CPU.ActiveCfg = Release|Any CPU
		{459C217B-CCF1-4088-9694-59AB0A20A711}.Release|Any CPU.Build.0 = Release|Any CPU
		{3AE8CF2A-702A-4F2B-9280-9A968AB1A8DF}.Debug|Any CPU.ActiveCfg = Debug|Any CPU
		{3AE8CF2A-702A-4F2B-9280-9A968AB1A8DF}.Debug|Any CPU.Build.0 = Debug|Any CPU
		{3AE8CF2A-702A-4F2B-9280-9A968AB1A8DF}.Release|Any CPU.ActiveCfg = Release|Any CPU
		{3AE8CF2A-702A-4F2B-9280-9A968AB1A8DF}.Release|Any CPU.Build.0 = Release|Any CPU
	EndGlobalSection
EndGlobal
